// !$*UTF8*$!
{
	archiveVersion = 1;
	classes = {
	};
	objectVersion = 55;
	objects = {

/* Begin PBXBuildFile section */
		B31DF8672785709200C1043A /* RickAndMortyDemoApp.swift in Sources */ = {isa = PBXBuildFile; fileRef = B31DF8662785709200C1043A /* RickAndMortyDemoApp.swift */; };
		B31DF8692785709200C1043A /* ContentView.swift in Sources */ = {isa = PBXBuildFile; fileRef = B31DF8682785709200C1043A /* ContentView.swift */; };
		B31DF86B2785709400C1043A /* Assets.xcassets in Resources */ = {isa = PBXBuildFile; fileRef = B31DF86A2785709400C1043A /* Assets.xcassets */; };
		B31DF86E2785709400C1043A /* Preview Assets.xcassets in Resources */ = {isa = PBXBuildFile; fileRef = B31DF86D2785709400C1043A /* Preview Assets.xcassets */; };
		B31DF8782785709400C1043A /* RickAndMortyDemoTests.swift in Sources */ = {isa = PBXBuildFile; fileRef = B31DF8772785709400C1043A /* RickAndMortyDemoTests.swift */; };
		B31DF8822785709400C1043A /* RickAndMortyDemoUITests.swift in Sources */ = {isa = PBXBuildFile; fileRef = B31DF8812785709400C1043A /* RickAndMortyDemoUITests.swift */; };
		B31DF8842785709400C1043A /* RickAndMortyDemoUITestsLaunchTests.swift in Sources */ = {isa = PBXBuildFile; fileRef = B31DF8832785709400C1043A /* RickAndMortyDemoUITestsLaunchTests.swift */; };
/* End PBXBuildFile section */

/* Begin PBXContainerItemProxy section */
		B31DF8742785709400C1043A /* PBXContainerItemProxy */ = {
			isa = PBXContainerItemProxy;
			containerPortal = B31DF85B2785709200C1043A /* Project object */;
			proxyType = 1;
			remoteGlobalIDString = B31DF8622785709200C1043A;
			remoteInfo = RickAndMortyDemo;
		};
		B31DF87E2785709400C1043A /* PBXContainerItemProxy */ = {
			isa = PBXContainerItemProxy;
			containerPortal = B31DF85B2785709200C1043A /* Project object */;
			proxyType = 1;
			remoteGlobalIDString = B31DF8622785709200C1043A;
			remoteInfo = RickAndMortyDemo;
		};
/* End PBXContainerItemProxy section */

/* Begin PBXFileReference section */
		B31DF8632785709200C1043A /* RickAndMortyDemo.app */ = {isa = PBXFileReference; explicitFileType = wrapper.application; includeInIndex = 0; path = RickAndMortyDemo.app; sourceTree = BUILT_PRODUCTS_DIR; };
		B31DF8662785709200C1043A /* RickAndMortyDemoApp.swift */ = {isa = PBXFileReference; lastKnownFileType = sourcecode.swift; path = RickAndMortyDemoApp.swift; sourceTree = "<group>"; };
		B31DF8682785709200C1043A /* ContentView.swift */ = {isa = PBXFileReference; lastKnownFileType = sourcecode.swift; path = ContentView.swift; sourceTree = "<group>"; };
		B31DF86A2785709400C1043A /* Assets.xcassets */ = {isa = PBXFileReference; lastKnownFileType = folder.assetcatalog; path = Assets.xcassets; sourceTree = "<group>"; };
		B31DF86D2785709400C1043A /* Preview Assets.xcassets */ = {isa = PBXFileReference; lastKnownFileType = folder.assetcatalog; path = "Preview Assets.xcassets"; sourceTree = "<group>"; };
		B31DF8732785709400C1043A /* RickAndMortyDemoTests.xctest */ = {isa = PBXFileReference; explicitFileType = wrapper.cfbundle; includeInIndex = 0; path = RickAndMortyDemoTests.xctest; sourceTree = BUILT_PRODUCTS_DIR; };
		B31DF8772785709400C1043A /* RickAndMortyDemoTests.swift */ = {isa = PBXFileReference; lastKnownFileType = sourcecode.swift; path = RickAndMortyDemoTests.swift; sourceTree = "<group>"; };
		B31DF87D2785709400C1043A /* RickAndMortyDemoUITests.xctest */ = {isa = PBXFileReference; explicitFileType = wrapper.cfbundle; includeInIndex = 0; path = RickAndMortyDemoUITests.xctest; sourceTree = BUILT_PRODUCTS_DIR; };
		B31DF8812785709400C1043A /* RickAndMortyDemoUITests.swift */ = {isa = PBXFileReference; lastKnownFileType = sourcecode.swift; path = RickAndMortyDemoUITests.swift; sourceTree = "<group>"; };
		B31DF8832785709400C1043A /* RickAndMortyDemoUITestsLaunchTests.swift */ = {isa = PBXFileReference; lastKnownFileType = sourcecode.swift; path = RickAndMortyDemoUITestsLaunchTests.swift; sourceTree = "<group>"; };
/* End PBXFileReference section */

/* Begin PBXFrameworksBuildPhase section */
		B31DF8602785709200C1043A /* Frameworks */ = {
			isa = PBXFrameworksBuildPhase;
			buildActionMask = 2147483647;
			files = (
			);
			runOnlyForDeploymentPostprocessing = 0;
		};
		B31DF8702785709400C1043A /* Frameworks */ = {
			isa = PBXFrameworksBuildPhase;
			buildActionMask = 2147483647;
			files = (
			);
			runOnlyForDeploymentPostprocessing = 0;
		};
		B31DF87A2785709400C1043A /* Frameworks */ = {
			isa = PBXFrameworksBuildPhase;
			buildActionMask = 2147483647;
			files = (
			);
			runOnlyForDeploymentPostprocessing = 0;
		};
/* End PBXFrameworksBuildPhase section */

/* Begin PBXGroup section */
		B31DF85A2785709200C1043A = {
			isa = PBXGroup;
			children = (
				B31DF8652785709200C1043A /* RickAndMortyDemo */,
				B31DF8762785709400C1043A /* RickAndMortyDemoTests */,
				B31DF8802785709400C1043A /* RickAndMortyDemoUITests */,
				B31DF8642785709200C1043A /* Products */,
			);
			sourceTree = "<group>";
		};
		B31DF8642785709200C1043A /* Products */ = {
			isa = PBXGroup;
			children = (
				B31DF8632785709200C1043A /* RickAndMortyDemo.app */,
				B31DF8732785709400C1043A /* RickAndMortyDemoTests.xctest */,
				B31DF87D2785709400C1043A /* RickAndMortyDemoUITests.xctest */,
			);
			name = Products;
			sourceTree = "<group>";
		};
		B31DF8652785709200C1043A /* RickAndMortyDemo */ = {
			isa = PBXGroup;
			children = (
				B31DF8662785709200C1043A /* RickAndMortyDemoApp.swift */,
				B31DF8682785709200C1043A /* ContentView.swift */,
				B31DF86A2785709400C1043A /* Assets.xcassets */,
				B31DF86C2785709400C1043A /* Preview Content */,
			);
			path = RickAndMortyDemo;
			sourceTree = "<group>";
		};
		B31DF86C2785709400C1043A /* Preview Content */ = {
			isa = PBXGroup;
			children = (
				B31DF86D2785709400C1043A /* Preview Assets.xcassets */,
			);
			path = "Preview Content";
			sourceTree = "<group>";
		};
		B31DF8762785709400C1043A /* RickAndMortyDemoTests */ = {
			isa = PBXGroup;
			children = (
				B31DF8772785709400C1043A /* RickAndMortyDemoTests.swift */,
			);
			path = RickAndMortyDemoTests;
			sourceTree = "<group>";
		};
		B31DF8802785709400C1043A /* RickAndMortyDemoUITests */ = {
			isa = PBXGroup;
			children = (
				B31DF8812785709400C1043A /* RickAndMortyDemoUITests.swift */,
				B31DF8832785709400C1043A /* RickAndMortyDemoUITestsLaunchTests.swift */,
			);
			path = RickAndMortyDemoUITests;
			sourceTree = "<group>";
		};
/* End PBXGroup section */

/* Begin PBXNativeTarget section */
		B31DF8622785709200C1043A /* RickAndMortyDemo */ = {
			isa = PBXNativeTarget;
			buildConfigurationList = B31DF8872785709400C1043A /* Build configuration list for PBXNativeTarget "RickAndMortyDemo" */;
			buildPhases = (
				B31DF85F2785709200C1043A /* Sources */,
				B31DF8602785709200C1043A /* Frameworks */,
				B31DF8612785709200C1043A /* Resources */,
			);
			buildRules = (
			);
			dependencies = (
			);
			name = RickAndMortyDemo;
			productName = RickAndMortyDemo;
			productReference = B31DF8632785709200C1043A /* RickAndMortyDemo.app */;
			productType = "com.apple.product-type.application";
		};
		B31DF8722785709400C1043A /* RickAndMortyDemoTests */ = {
			isa = PBXNativeTarget;
			buildConfigurationList = B31DF88A2785709400C1043A /* Build configuration list for PBXNativeTarget "RickAndMortyDemoTests" */;
			buildPhases = (
				B31DF86F2785709400C1043A /* Sources */,
				B31DF8702785709400C1043A /* Frameworks */,
				B31DF8712785709400C1043A /* Resources */,
			);
			buildRules = (
			);
			dependencies = (
				B31DF8752785709400C1043A /* PBXTargetDependency */,
			);
			name = RickAndMortyDemoTests;
			productName = RickAndMortyDemoTests;
			productReference = B31DF8732785709400C1043A /* RickAndMortyDemoTests.xctest */;
			productType = "com.apple.product-type.bundle.unit-test";
		};
		B31DF87C2785709400C1043A /* RickAndMortyDemoUITests */ = {
			isa = PBXNativeTarget;
			buildConfigurationList = B31DF88D2785709400C1043A /* Build configuration list for PBXNativeTarget "RickAndMortyDemoUITests" */;
			buildPhases = (
				B31DF8792785709400C1043A /* Sources */,
				B31DF87A2785709400C1043A /* Frameworks */,
				B31DF87B2785709400C1043A /* Resources */,
			);
			buildRules = (
			);
			dependencies = (
				B31DF87F2785709400C1043A /* PBXTargetDependency */,
			);
			name = RickAndMortyDemoUITests;
			productName = RickAndMortyDemoUITests;
			productReference = B31DF87D2785709400C1043A /* RickAndMortyDemoUITests.xctest */;
			productType = "com.apple.product-type.bundle.ui-testing";
		};
/* End PBXNativeTarget section */

/* Begin PBXProject section */
		B31DF85B2785709200C1043A /* Project object */ = {
			isa = PBXProject;
			attributes = {
				BuildIndependentTargetsInParallel = 1;
				LastSwiftUpdateCheck = 1320;
				LastUpgradeCheck = 1320;
				TargetAttributes = {
					B31DF8622785709200C1043A = {
						CreatedOnToolsVersion = 13.2.1;
					};
					B31DF8722785709400C1043A = {
						CreatedOnToolsVersion = 13.2.1;
						TestTargetID = B31DF8622785709200C1043A;
					};
					B31DF87C2785709400C1043A = {
						CreatedOnToolsVersion = 13.2.1;
						TestTargetID = B31DF8622785709200C1043A;
					};
				};
			};
			buildConfigurationList = B31DF85E2785709200C1043A /* Build configuration list for PBXProject "RickAndMortyDemo" */;
			compatibilityVersion = "Xcode 13.0";
			developmentRegion = en;
			hasScannedForEncodings = 0;
			knownRegions = (
				en,
				Base,
			);
			mainGroup = B31DF85A2785709200C1043A;
			productRefGroup = B31DF8642785709200C1043A /* Products */;
			projectDirPath = "";
			projectRoot = "";
			targets = (
				B31DF8622785709200C1043A /* RickAndMortyDemo */,
				B31DF8722785709400C1043A /* RickAndMortyDemoTests */,
				B31DF87C2785709400C1043A /* RickAndMortyDemoUITests */,
			);
		};
/* End PBXProject section */

/* Begin PBXResourcesBuildPhase section */
		B31DF8612785709200C1043A /* Resources */ = {
			isa = PBXResourcesBuildPhase;
			buildActionMask = 2147483647;
			files = (
				B31DF86E2785709400C1043A /* Preview Assets.xcassets in Resources */,
				B31DF86B2785709400C1043A /* Assets.xcassets in Resources */,
			);
			runOnlyForDeploymentPostprocessing = 0;
		};
		B31DF8712785709400C1043A /* Resources */ = {
			isa = PBXResourcesBuildPhase;
			buildActionMask = 2147483647;
			files = (
			);
			runOnlyForDeploymentPostprocessing = 0;
		};
		B31DF87B2785709400C1043A /* Resources */ = {
			isa = PBXResourcesBuildPhase;
			buildActionMask = 2147483647;
			files = (
			);
			runOnlyForDeploymentPostprocessing = 0;
		};
/* End PBXResourcesBuildPhase section */

/* Begin PBXSourcesBuildPhase section */
		B31DF85F2785709200C1043A /* Sources */ = {
			isa = PBXSourcesBuildPhase;
			buildActionMask = 2147483647;
			files = (
				B31DF8692785709200C1043A /* ContentView.swift in Sources */,
				B31DF8672785709200C1043A /* RickAndMortyDemoApp.swift in Sources */,
			);
			runOnlyForDeploymentPostprocessing = 0;
		};
		B31DF86F2785709400C1043A /* Sources */ = {
			isa = PBXSourcesBuildPhase;
			buildActionMask = 2147483647;
			files = (
				B31DF8782785709400C1043A /* RickAndMortyDemoTests.swift in Sources */,
			);
			runOnlyForDeploymentPostprocessing = 0;
		};
		B31DF8792785709400C1043A /* Sources */ = {
			isa = PBXSourcesBuildPhase;
			buildActionMask = 2147483647;
			files = (
				B31DF8842785709400C1043A /* RickAndMortyDemoUITestsLaunchTests.swift in Sources */,
				B31DF8822785709400C1043A /* RickAndMortyDemoUITests.swift in Sources */,
			);
			runOnlyForDeploymentPostprocessing = 0;
		};
/* End PBXSourcesBuildPhase section */

/* Begin PBXTargetDependency section */
		B31DF8752785709400C1043A /* PBXTargetDependency */ = {
			isa = PBXTargetDependency;
			target = B31DF8622785709200C1043A /* RickAndMortyDemo */;
			targetProxy = B31DF8742785709400C1043A /* PBXContainerItemProxy */;
		};
		B31DF87F2785709400C1043A /* PBXTargetDependency */ = {
			isa = PBXTargetDependency;
			target = B31DF8622785709200C1043A /* RickAndMortyDemo */;
			targetProxy = B31DF87E2785709400C1043A /* PBXContainerItemProxy */;
		};
/* End PBXTargetDependency section */

/* Begin XCBuildConfiguration section */
		B31DF8852785709400C1043A /* Debug */ = {
			isa = XCBuildConfiguration;
			buildSettings = {
				ALWAYS_SEARCH_USER_PATHS = NO;
				CLANG_ANALYZER_NONNULL = YES;
				CLANG_ANALYZER_NUMBER_OBJECT_CONVERSION = YES_AGGRESSIVE;
				CLANG_CXX_LANGUAGE_STANDARD = "gnu++17";
				CLANG_CXX_LIBRARY = "libc++";
				CLANG_ENABLE_MODULES = YES;
				CLANG_ENABLE_OBJC_ARC = YES;
				CLANG_ENABLE_OBJC_WEAK = YES;
				CLANG_WARN_BLOCK_CAPTURE_AUTORELEASING = YES;
				CLANG_WARN_BOOL_CONVERSION = YES;
				CLANG_WARN_COMMA = YES;
				CLANG_WARN_CONSTANT_CONVERSION = YES;
				CLANG_WARN_DEPRECATED_OBJC_IMPLEMENTATIONS = YES;
				CLANG_WARN_DIRECT_OBJC_ISA_USAGE = YES_ERROR;
				CLANG_WARN_DOCUMENTATION_COMMENTS = YES;
				CLANG_WARN_EMPTY_BODY = YES;
				CLANG_WARN_ENUM_CONVERSION = YES;
				CLANG_WARN_INFINITE_RECURSION = YES;
				CLANG_WARN_INT_CONVERSION = YES;
				CLANG_WARN_NON_LITERAL_NULL_CONVERSION = YES;
				CLANG_WARN_OBJC_IMPLICIT_RETAIN_SELF = YES;
				CLANG_WARN_OBJC_LITERAL_CONVERSION = YES;
				CLANG_WARN_OBJC_ROOT_CLASS = YES_ERROR;
				CLANG_WARN_QUOTED_INCLUDE_IN_FRAMEWORK_HEADER = YES;
				CLANG_WARN_RANGE_LOOP_ANALYSIS = YES;
				CLANG_WARN_STRICT_PROTOTYPES = YES;
				CLANG_WARN_SUSPICIOUS_MOVE = YES;
				CLANG_WARN_UNGUARDED_AVAILABILITY = YES_AGGRESSIVE;
				CLANG_WARN_UNREACHABLE_CODE = YES;
				CLANG_WARN__DUPLICATE_METHOD_MATCH = YES;
				COPY_PHASE_STRIP = NO;
				DEBUG_INFORMATION_FORMAT = dwarf;
				ENABLE_STRICT_OBJC_MSGSEND = YES;
				ENABLE_TESTABILITY = YES;
				GCC_C_LANGUAGE_STANDARD = gnu11;
				GCC_DYNAMIC_NO_PIC = NO;
				GCC_NO_COMMON_BLOCKS = YES;
				GCC_OPTIMIZATION_LEVEL = 0;
				GCC_PREPROCESSOR_DEFINITIONS = (
					"DEBUG=1",
					"$(inherited)",
				);
				GCC_WARN_64_TO_32_BIT_CONVERSION = YES;
				GCC_WARN_ABOUT_RETURN_TYPE = YES_ERROR;
				GCC_WARN_UNDECLARED_SELECTOR = YES;
				GCC_WARN_UNINITIALIZED_AUTOS = YES_AGGRESSIVE;
				GCC_WARN_UNUSED_FUNCTION = YES;
				GCC_WARN_UNUSED_VARIABLE = YES;
				IPHONEOS_DEPLOYMENT_TARGET = 15.2;
				MTL_ENABLE_DEBUG_INFO = INCLUDE_SOURCE;
				MTL_FAST_MATH = YES;
				ONLY_ACTIVE_ARCH = YES;
				SDKROOT = iphoneos;
				SWIFT_ACTIVE_COMPILATION_CONDITIONS = DEBUG;
				SWIFT_OPTIMIZATION_LEVEL = "-Onone";
			};
			name = Debug;
		};
		B31DF8862785709400C1043A /* Release */ = {
			isa = XCBuildConfiguration;
			buildSettings = {
				ALWAYS_SEARCH_USER_PATHS = NO;
				CLANG_ANALYZER_NONNULL = YES;
				CLANG_ANALYZER_NUMBER_OBJECT_CONVERSION = YES_AGGRESSIVE;
				CLANG_CXX_LANGUAGE_STANDARD = "gnu++17";
				CLANG_CXX_LIBRARY = "libc++";
				CLANG_ENABLE_MODULES = YES;
				CLANG_ENABLE_OBJC_ARC = YES;
				CLANG_ENABLE_OBJC_WEAK = YES;
				CLANG_WARN_BLOCK_CAPTURE_AUTORELEASING = YES;
				CLANG_WARN_BOOL_CONVERSION = YES;
				CLANG_WARN_COMMA = YES;
				CLANG_WARN_CONSTANT_CONVERSION = YES;
				CLANG_WARN_DEPRECATED_OBJC_IMPLEMENTATIONS = YES;
				CLANG_WARN_DIRECT_OBJC_ISA_USAGE = YES_ERROR;
				CLANG_WARN_DOCUMENTATION_COMMENTS = YES;
				CLANG_WARN_EMPTY_BODY = YES;
				CLANG_WARN_ENUM_CONVERSION = YES;
				CLANG_WARN_INFINITE_RECURSION = YES;
				CLANG_WARN_INT_CONVERSION = YES;
				CLANG_WARN_NON_LITERAL_NULL_CONVERSION = YES;
				CLANG_WARN_OBJC_IMPLICIT_RETAIN_SELF = YES;
				CLANG_WARN_OBJC_LITERAL_CONVERSION = YES;
				CLANG_WARN_OBJC_ROOT_CLASS = YES_ERROR;
				CLANG_WARN_QUOTED_INCLUDE_IN_FRAMEWORK_HEADER = YES;
				CLANG_WARN_RANGE_LOOP_ANALYSIS = YES;
				CLANG_WARN_STRICT_PROTOTYPES = YES;
				CLANG_WARN_SUSPICIOUS_MOVE = YES;
				CLANG_WARN_UNGUARDED_AVAILABILITY = YES_AGGRESSIVE;
				CLANG_WARN_UNREACHABLE_CODE = YES;
				CLANG_WARN__DUPLICATE_METHOD_MATCH = YES;
				COPY_PHASE_STRIP = NO;
				DEBUG_INFORMATION_FORMAT = "dwarf-with-dsym";
				ENABLE_NS_ASSERTIONS = NO;
				ENABLE_STRICT_OBJC_MSGSEND = YES;
				GCC_C_LANGUAGE_STANDARD = gnu11;
				GCC_NO_COMMON_BLOCKS = YES;
				GCC_WARN_64_TO_32_BIT_CONVERSION = YES;
				GCC_WARN_ABOUT_RETURN_TYPE = YES_ERROR;
				GCC_WARN_UNDECLARED_SELECTOR = YES;
				GCC_WARN_UNINITIALIZED_AUTOS = YES_AGGRESSIVE;
				GCC_WARN_UNUSED_FUNCTION = YES;
				GCC_WARN_UNUSED_VARIABLE = YES;
				IPHONEOS_DEPLOYMENT_TARGET = 15.2;
				MTL_ENABLE_DEBUG_INFO = NO;
				MTL_FAST_MATH = YES;
				SDKROOT = iphoneos;
				SWIFT_COMPILATION_MODE = wholemodule;
				SWIFT_OPTIMIZATION_LEVEL = "-O";
				VALIDATE_PRODUCT = YES;
			};
			name = Release;
		};
		B31DF8882785709400C1043A /* Debug */ = {
			isa = XCBuildConfiguration;
			buildSettings = {
				ASSETCATALOG_COMPILER_APPICON_NAME = AppIcon;
				ASSETCATALOG_COMPILER_GLOBAL_ACCENT_COLOR_NAME = AccentColor;
				CODE_SIGN_STYLE = Automatic;
				CURRENT_PROJECT_VERSION = 1;
				DEVELOPMENT_ASSET_PATHS = "\"RickAndMortyDemo/Preview Content\"";
				DEVELOPMENT_TEAM = TR95D7JL29;
				ENABLE_PREVIEWS = YES;
				GENERATE_INFOPLIST_FILE = YES;
				INFOPLIST_KEY_UIApplicationSceneManifest_Generation = YES;
				INFOPLIST_KEY_UIApplicationSupportsIndirectInputEvents = YES;
				INFOPLIST_KEY_UILaunchScreen_Generation = YES;
				INFOPLIST_KEY_UISupportedInterfaceOrientations_iPad = "UIInterfaceOrientationPortrait UIInterfaceOrientationPortraitUpsideDown UIInterfaceOrientationLandscapeLeft UIInterfaceOrientationLandscapeRight";
				INFOPLIST_KEY_UISupportedInterfaceOrientations_iPhone = "UIInterfaceOrientationPortrait UIInterfaceOrientationLandscapeLeft UIInterfaceOrientationLandscapeRight";
				LD_RUNPATH_SEARCH_PATHS = (
					"$(inherited)",
					"@executable_path/Frameworks",
				);
				MARKETING_VERSION = 1.0;
				PRODUCT_BUNDLE_IDENTIFIER = com.date.chat.RickAndMortyDemo;
				PRODUCT_NAME = "$(TARGET_NAME)";
				SWIFT_EMIT_LOC_STRINGS = YES;
				SWIFT_VERSION = 5.0;
				TARGETED_DEVICE_FAMILY = "1,2";
			};
			name = Debug;
		};
		B31DF8892785709400C1043A /* Release */ = {
			isa = XCBuildConfiguration;
			buildSettings = {
				ASSETCATALOG_COMPILER_APPICON_NAME = AppIcon;
				ASSETCATALOG_COMPILER_GLOBAL_ACCENT_COLOR_NAME = AccentColor;
				CODE_SIGN_STYLE = Automatic;
				CURRENT_PROJECT_VERSION = 1;
				DEVELOPMENT_ASSET_PATHS = "\"RickAndMortyDemo/Preview Content\"";
				DEVELOPMENT_TEAM = TR95D7JL29;
				ENABLE_PREVIEWS = YES;
				GENERATE_INFOPLIST_FILE = YES;
				INFOPLIST_KEY_UIApplicationSceneManifest_Generation = YES;
				INFOPLIST_KEY_UIApplicationSupportsIndirectInputEvents = YES;
				INFOPLIST_KEY_UILaunchScreen_Generation = YES;
				INFOPLIST_KEY_UISupportedInterfaceOrientations_iPad = "UIInterfaceOrientationPortrait UIInterfaceOrientationPortraitUpsideDown UIInterfaceOrientationLandscapeLeft UIInterfaceOrientationLandscapeRight";
				INFOPLIST_KEY_UISupportedInterfaceOrientations_iPhone = "UIInterfaceOrientationPortrait UIInterfaceOrientationLandscapeLeft UIInterfaceOrientationLandscapeRight";
				LD_RUNPATH_SEARCH_PATHS = (
					"$(inherited)",
					"@executable_path/Frameworks",
				);
				MARKETING_VERSION = 1.0;
				PRODUCT_BUNDLE_IDENTIFIER = com.date.chat.RickAndMortyDemo;
				PRODUCT_NAME = "$(TARGET_NAME)";
				SWIFT_EMIT_LOC_STRINGS = YES;
				SWIFT_VERSION = 5.0;
				TARGETED_DEVICE_FAMILY = "1,2";
			};
			name = Release;
		};
		B31DF88B2785709400C1043A /* Debug */ = {
			isa = XCBuildConfiguration;
			buildSettings = {
				ALWAYS_EMBED_SWIFT_STANDARD_LIBRARIES = YES;
				BUNDLE_LOADER = "$(TEST_HOST)";
				CODE_SIGN_STYLE = Automatic;
				CURRENT_PROJECT_VERSION = 1;
				DEVELOPMENT_TEAM = TR95D7JL29;
				GENERATE_INFOPLIST_FILE = YES;
				IPHONEOS_DEPLOYMENT_TARGET = 15.2;
				MARKETING_VERSION = 1.0;
				PRODUCT_BUNDLE_IDENTIFIER = com.date.chat.RickAndMortyDemoTests;
				PRODUCT_NAME = "$(TARGET_NAME)";
				SWIFT_EMIT_LOC_STRINGS = NO;
				SWIFT_VERSION = 5.0;
				TARGETED_DEVICE_FAMILY = "1,2";
				TEST_HOST = "$(BUILT_PRODUCTS_DIR)/RickAndMortyDemo.app/RickAndMortyDemo";
			};
			name = Debug;
		};
		B31DF88C2785709400C1043A /* Release */ = {
			isa = XCBuildConfiguration;
			buildSettings = {
				ALWAYS_EMBED_SWIFT_STANDARD_LIBRARIES = YES;
				BUNDLE_LOADER = "$(TEST_HOST)";
				CODE_SIGN_STYLE = Automatic;
				CURRENT_PROJECT_VERSION = 1;
				DEVELOPMENT_TEAM = TR95D7JL29;
				GENERATE_INFOPLIST_FILE = YES;
				IPHONEOS_DEPLOYMENT_TARGET = 15.2;
				MARKETING_VERSION = 1.0;
				PRODUCT_BUNDLE_IDENTIFIER = com.date.chat.RickAndMortyDemoTests;
				PRODUCT_NAME = "$(TARGET_NAME)";
				SWIFT_EMIT_LOC_STRINGS = NO;
				SWIFT_VERSION = 5.0;
				TARGETED_DEVICE_FAMILY = "1,2";
				TEST_HOST = "$(BUILT_PRODUCTS_DIR)/RickAndMortyDemo.app/RickAndMortyDemo";
			};
			name = Release;
		};
		B31DF88E2785709400C1043A /* Debug */ = {
			isa = XCBuildConfiguration;
			buildSettings = {
				ALWAYS_EMBED_SWIFT_STANDARD_LIBRARIES = YES;
				CODE_SIGN_STYLE = Automatic;
				CURRENT_PROJECT_VERSION = 1;
				DEVELOPMENT_TEAM = TR95D7JL29;
				GENERATE_INFOPLIST_FILE = YES;
				MARKETING_VERSION = 1.0;
				PRODUCT_BUNDLE_IDENTIFIER = com.date.chat.RickAndMortyDemoUITests;
				PRODUCT_NAME = "$(TARGET_NAME)";
				SWIFT_EMIT_LOC_STRINGS = NO;
				SWIFT_VERSION = 5.0;
				TARGETED_DEVICE_FAMILY = "1,2";
				TEST_TARGET_NAME = RickAndMortyDemo;
			};
			name = Debug;
		};
		B31DF88F2785709400C1043A /* Release */ = {
			isa = XCBuildConfiguration;
			buildSettings = {
				ALWAYS_EMBED_SWIFT_STANDARD_LIBRARIES = YES;
				CODE_SIGN_STYLE = Automatic;
				CURRENT_PROJECT_VERSION = 1;
				DEVELOPMENT_TEAM = TR95D7JL29;
				GENERATE_INFOPLIST_FILE = YES;
				MARKETING_VERSION = 1.0;
				PRODUCT_BUNDLE_IDENTIFIER = com.date.chat.RickAndMortyDemoUITests;
				PRODUCT_NAME = "$(TARGET_NAME)";
				SWIFT_EMIT_LOC_STRINGS = NO;
				SWIFT_VERSION = 5.0;
				TARGETED_DEVICE_FAMILY = "1,2";
				TEST_TARGET_NAME = RickAndMortyDemo;
			};
			name = Release;
		};
/* End XCBuildConfiguration section */

/* Begin XCConfigurationList section */
		B31DF85E2785709200C1043A /* Build configuration list for PBXProject "RickAndMortyDemo" */ = {
			isa = XCConfigurationList;
			buildConfigurations = (
				B31DF8852785709400C1043A /* Debug */,
				B31DF8862785709400C1043A /* Release */,
			);
			defaultConfigurationIsVisible = 0;
			defaultConfigurationName = Release;
		};
		B31DF8872785709400C1043A /* Build configuration list for PBXNativeTarget "RickAndMortyDemo" */ = {
			isa = XCConfigurationList;
			buildConfigurations = (
				B31DF8882785709400C1043A /* Debug */,
				B31DF8892785709400C1043A /* Release */,
			);
			defaultConfigurationIsVisible = 0;
			defaultConfigurationName = Release;
		};
		B31DF88A2785709400C1043A /* Build configuration list for PBXNativeTarget "RickAndMortyDemoTests" */ = {
			isa = XCConfigurationList;
			buildConfigurations = (
				B31DF88B2785709400C1043A /* Debug */,
				B31DF88C2785709400C1043A /* Release */,
			);
			defaultConfigurationIsVisible = 0;
			defaultConfigurationName = Release;
		};
		B31DF88D2785709400C1043A /* Build configuration list for PBXNativeTarget "RickAndMortyDemoUITests" */ = {
			isa = XCConfigurationList;
			buildConfigurations = (
				B31DF88E2785709400C1043A /* Debug */,
				B31DF88F2785709400C1043A /* Release */,
			);
			defaultConfigurationIsVisible = 0;
			defaultConfigurationName = Release;
		};
/* End XCConfigurationList section */
	};
	rootObject = B31DF85B2785709200C1043A /* Project object */;
}
